PODS:
  - Flutter (1.0.0)
  - Pushy (1.0.62)
  - pushy_flutter (2.0.37):
    - Flutter
    - Pushy (= 1.0.62)

DEPENDENCIES:
  - Flutter (from `Flutter`)
  - pushy_flutter (from `.symlinks/plugins/pushy_flutter/ios`)

SPEC REPOS:
  trunk:
    - Pushy

EXTERNAL SOURCES:
  Flutter:
    :path: Flutter
  pushy_flutter:
    :path: ".symlinks/plugins/pushy_flutter/ios"

SPEC CHECKSUMS:
  Flutter: e0871f40cf51350855a761d2e70bf5af5b9b5de7
  Pushy: bdc2fa1a925f0429706bce02c97b0461f5202bd9
  pushy_flutter: 226615e8f8c8e2363a0e3373d7f053295dce6597

PODFILE CHECKSUM: 4e8f8b2be68aeea4c0d5beb6ff1e79fface1d048

COCOAPODS: 1.16.2
